
Microsoft Visual Studio Solution File, Format Version 12.00
# Visual Studio Version 16
VisualStudioVersion = 16.0.31112.23
MinimumVisualStudioVersion = 10.0.40219.1
Project("{FAE04EC0-301F-11D3-BF4B-00C04F79EFBC}") = "Tarea1", "Tarea1\Tarea1.csproj", "{8F56360E-DC4D-4E08-8084-3792A53E9FCC}"
EndProject
Global
	GlobalSection(SolutionConfigurationPlatforms) = preSolution
		Debug|Any CPU = Debug|Any CPU
		Release|Any CPU = Release|Any CPU
	EndGlobalSection
	GlobalSection(ProjectConfigurationPlatforms) = postSolution
		{8F56360E-DC4D-4E08-8084-3792A53E9FCC}.Debug|Any CPU.ActiveCfg = Debug|Any CPU
		{8F56360E-DC4D-4E08-8084-3792A53E9FCC}.Debug|Any CPU.Build.0 = Debug|Any CPU
		{8F56360E-DC4D-4E08-8084-3792A53E9FCC}.Release|Any CPU.ActiveCfg = Release|Any CPU
		{8F56360E-DC4D-4E08-8084-3792A53E9FCC}.Release|Any CPU.Build.0 = Release|Any CPU
	EndGlobalSection
	GlobalSection(SolutionProperties) = preSolution
		HideSolutionNode = FALSE
	EndGlobalSection
	GlobalSection(ExtensibilityGlobals) = postSolution
		SolutionGuid = {50C5F4A9-B432-480E-953B-28238E3C8A0F}
	EndGlobalSection
EndGlobal
